
Microsoft Visual Studio Solution File, Format Version 12.00
# Visual Studio 15
VisualStudioVersion = 15.0.28307.705
MinimumVisualStudioVersion = 10.0.40219.1
Project("{FAE04EC0-301F-11D3-BF4B-00C04F79EFBC}") = "Grafos", "Grafos\Grafos.csproj", "{C1A2968F-96D3-4E9C-BDD3-6D9B4CB7C9D2}"
EndProject
Global
	GlobalSection(SolutionConfigurationPlatforms) = preSolution
		Debug|Any CPU = Debug|Any CPU
		Release|Any CPU = Release|Any CPU
	EndGlobalSection
	GlobalSection(ProjectConfigurationPlatforms) = postSolution
		{C1A2968F-96D3-4E9C-BDD3-6D9B4CB7C9D2}.Debug|Any CPU.ActiveCfg = Debug|Any CPU
		{C1A2968F-96D3-4E9C-BDD3-6D9B4CB7C9D2}.Debug|Any CPU.Build.0 = Debug|Any CPU
		{C1A2968F-96D3-4E9C-BDD3-6D9B4CB7C9D2}.Release|Any CPU.ActiveCfg = Release|Any CPU
		{C1A2968F-96D3-4E9C-BDD3-6D9B4CB7C9D2}.Release|Any CPU.Build.0 = Release|Any CPU
	EndGlobalSection
	GlobalSection(SolutionProperties) = preSolution
		HideSolutionNode = FALSE
	EndGlobalSection
	GlobalSection(ExtensibilityGlobals) = postSolution
		SolutionGuid = {065E2749-0298-4183-BB31-65AE22DC08D2}
	EndGlobalSection
EndGlobal
